
Microsoft Visual Studio Solution File, Format Version 12.00
# Visual Studio 14
VisualStudioVersion = 14.0.25420.1
MinimumVisualStudioVersion = 10.0.40219.1
Project("{FAE04EC0-301F-11D3-BF4B-00C04F79EFBC}") = "SchoolManager.PL", "SchoolManager.PL\SchoolManager.PL.csproj", "{13B33038-B883-4A71-A7D3-FF5F4EC2FC52}"
EndProject
Project("{FAE04EC0-301F-11D3-BF4B-00C04F79EFBC}") = "SchoolManager.BLL", "SchoolManager.BLL\SchoolManager.BLL.csproj", "{64791456-911A-42C1-8C0A-58913F45A41D}"
EndProject
Project("{FAE04EC0-301F-11D3-BF4B-00C04F79EFBC}") = "SchoolManager.DAL", "SchoolManager.DAL\SchoolManager.DAL.csproj", "{CF39E3EF-AB19-4F8E-8810-D5A19C9CC64C}"
EndProject
Global
	GlobalSection(SolutionConfigurationPlatforms) = preSolution
		Debug|Any CPU = Debug|Any CPU
		Release|Any CPU = Release|Any CPU
	EndGlobalSection
	GlobalSection(ProjectConfigurationPlatforms) = postSolution
		{13B33038-B883-4A71-A7D3-FF5F4EC2FC52}.Debug|Any CPU.ActiveCfg = Debug|Any CPU
		{13B33038-B883-4A71-A7D3-FF5F4EC2FC52}.Debug|Any CPU.Build.0 = Debug|Any CPU
		{13B33038-B883-4A71-A7D3-FF5F4EC2FC52}.Release|Any CPU.ActiveCfg = Release|Any CPU
		{13B33038-B883-4A71-A7D3-FF5F4EC2FC52}.Release|Any CPU.Build.0 = Release|Any CPU
		{64791456-911A-42C1-8C0A-58913F45A41D}.Debug|Any CPU.ActiveCfg = Debug|Any CPU
		{64791456-911A-42C1-8C0A-58913F45A41D}.Debug|Any CPU.Build.0 = Debug|Any CPU
		{64791456-911A-42C1-8C0A-58913F45A41D}.Release|Any CPU.ActiveCfg = Release|Any CPU
		{64791456-911A-42C1-8C0A-58913F45A41D}.Release|Any CPU.Build.0 = Release|Any CPU
		{CF39E3EF-AB19-4F8E-8810-D5A19C9CC64C}.Debug|Any CPU.ActiveCfg = Debug|Any CPU
		{CF39E3EF-AB19-4F8E-8810-D5A19C9CC64C}.Debug|Any CPU.Build.0 = Debug|Any CPU
		{CF39E3EF-AB19-4F8E-8810-D5A19C9CC64C}.Release|Any CPU.ActiveCfg = Release|Any CPU
		{CF39E3EF-AB19-4F8E-8810-D5A19C9CC64C}.Release|Any CPU.Build.0 = Release|Any CPU
	EndGlobalSection
	GlobalSection(SolutionProperties) = preSolution
		HideSolutionNode = FALSE
	EndGlobalSection
EndGlobal
